<?xml version="1.0" encoding="utf-8"?>
<Project ToolsVersion="4.0" xmlns="http://schemas.microsoft.com/developer/msbuild/2003">
  <ItemGroup>
    <ClInclude Include="src\Commands.h">
      <Filter>Galaga\Commands</Filter>
    </ClInclude>
    <ClInclude Include="src\HealthComponent.h">
      <Filter>Galaga\Components</Filter>
    </ClInclude>
    <ClInclude Include="src\ImageComponent.h">
      <Filter>Galaga\Components</Filter>
    </ClInclude>
    <ClInclude Include="src\ScoreComponent.h">
      <Filter>Galaga\Components</Filter>
    </ClInclude>
    <ClInclude Include="src\TextComponent.h">
      <Filter>Galaga\Components</Filter>
    </ClInclude>
    <ClInclude Include="src\Observers.h">
      <Filter>Galaga\Observers</Filter>
    </ClInclude>
    <ClInclude Include="src\ShootComponent.h">
      <Filter>Galaga\Components</Filter>
    </ClInclude>
    <ClInclude Include="src\ProjectileMovementComponent.h">
      <Filter>Galaga\Components</Filter>
    </ClInclude>
    <ClInclude Include="src\ScrollingImageComponent.h">
      <Filter>Galaga\Components</Filter>
    </ClInclude>
    <ClInclude Include="src\SoloLevel.h">
      <Filter>Galaga\Scenes</Filter>
    </ClInclude>
    <ClInclude Include="src\StartScreenLevel.h">
      <Filter>Galaga\Scenes</Filter>
    </ClInclude>
    <ClInclude Include="src\StatesEnemyBoss.h">
      <Filter>Galaga\FSMStates</Filter>
    </ClInclude>
    <ClInclude Include="src\AnimationComponent.h">
      <Filter>Galaga\Components</Filter>
    </ClInclude>
    <ClInclude Include="src\EnemySpawnerComponent.h">
      <Filter>Galaga\Components</Filter>
    </ClInclude>
    <ClInclude Include="src\EnemyManagerComponent.h">
      <Filter>Galaga\Components</Filter>
    </ClInclude>
    <ClInclude Include="src\ButtonBoxComponent.h">
      <Filter>Galaga\Components</Filter>
    </ClInclude>
    <ClInclude Include="src\ButtonComponent.h">
      <Filter>Galaga\Components</Filter>
    </ClInclude>
    <ClInclude Include="src\CoopLevel.h">
      <Filter>Galaga\Scenes</Filter>
    </ClInclude>
    <ClInclude Include="src\DeathScreenLevel.h">
      <Filter>Galaga\Scenes</Filter>
    </ClInclude>
    <ClInclude Include="src\LeaderboardLevel.h">
      <Filter>Galaga\Scenes</Filter>
    </ClInclude>
    <ClInclude Include="src\VersusLevel.h">
      <Filter>Galaga\Scenes</Filter>
    </ClInclude>
    <ClInclude Include="src\GalagaGameInstance.h">
      <Filter>Galaga\GameInstance</Filter>
    </ClInclude>
    <ClInclude Include="src\HighscoreLevel.h">
      <Filter>Galaga\Scenes</Filter>
    </ClInclude>
    <ClInclude Include="src\SaveLevel.h">
      <Filter>Galaga\Scenes</Filter>
    </ClInclude>
  </ItemGroup>
  <ItemGroup>
    <ClCompile Include="src\HealthComponent.cpp">
      <Filter>Galaga\Components</Filter>
    </ClCompile>
    <ClCompile Include="src\ImageComponent.cpp">
      <Filter>Galaga\Components</Filter>
    </ClCompile>
    <ClCompile Include="src\ScoreComponent.cpp">
      <Filter>Galaga\Components</Filter>
    </ClCompile>
    <ClCompile Include="src\TextComponent.cpp">
      <Filter>Galaga\Components</Filter>
    </ClCompile>
    <ClCompile Include="src\Observers.cpp">
      <Filter>Galaga\Observers</Filter>
    </ClCompile>
    <ClCompile Include="src\Main.cpp">
      <Filter>Galaga</Filter>
    </ClCompile>
    <ClCompile Include="src\ShootComponent.cpp">
      <Filter>Galaga\Components</Filter>
    </ClCompile>
    <ClCompile Include="src\ProjectileMovementComponent.cpp">
      <Filter>Galaga\Components</Filter>
    </ClCompile>
    <ClCompile Include="src\ScrollingImageComponent.cpp">
      <Filter>Galaga\Components</Filter>
    </ClCompile>
    <ClCompile Include="src\SoloLevel.cpp">
      <Filter>Galaga\Scenes</Filter>
    </ClCompile>
    <ClCompile Include="src\StartScreenLevel.cpp">
      <Filter>Galaga\Scenes</Filter>
    </ClCompile>
    <ClCompile Include="src\StatesEnemyBoss.cpp">
      <Filter>Galaga\FSMStates</Filter>
    </ClCompile>
    <ClCompile Include="src\AnimationComponent.cpp">
      <Filter>Galaga\Components</Filter>
    </ClCompile>
    <ClCompile Include="src\EnemySpawnerComponent.cpp">
      <Filter>Galaga\Components</Filter>
    </ClCompile>
    <ClCompile Include="src\EnemyManagerComponent.cpp">
      <Filter>Galaga\Components</Filter>
    </ClCompile>
    <ClCompile Include="src\ButtonBoxComponent.cpp">
      <Filter>Galaga\Components</Filter>
    </ClCompile>
    <ClCompile Include="src\ButtonComponent.cpp">
      <Filter>Galaga\Components</Filter>
    </ClCompile>
    <ClCompile Include="src\CoopLevel.cpp">
      <Filter>Galaga\Scenes</Filter>
    </ClCompile>
    <ClCompile Include="src\DeathScreenLevel.cpp">
      <Filter>Galaga\Scenes</Filter>
    </ClCompile>
    <ClCompile Include="src\LeaderboardLevel.cpp">
      <Filter>Galaga\Scenes</Filter>
    </ClCompile>
    <ClCompile Include="src\VersusLevel.cpp">
      <Filter>Galaga\Scenes</Filter>
    </ClCompile>
    <ClCompile Include="src\GalagaGameInstance.cpp">
      <Filter>Galaga\GameInstance</Filter>
    </ClCompile>
    <ClCompile Include="src\HighscoreLevel.cpp">
      <Filter>Galaga\Scenes</Filter>
    </ClCompile>
    <ClCompile Include="src\SaveLevel.cpp">
      <Filter>Galaga\Scenes</Filter>
    </ClCompile>
  </ItemGroup>
  <ItemGroup>
    <Filter Include="Galaga">
      <UniqueIdentifier>{5bbcd3af-9bf9-4deb-a34f-5a9f95135988}</UniqueIdentifier>
    </Filter>
    <Filter Include="Galaga\Commands">
      <UniqueIdentifier>{1d591b61-21a6-41e5-8896-fa265c9a5b2a}</UniqueIdentifier>
    </Filter>
    <Filter Include="Galaga\Components">
      <UniqueIdentifier>{96a4efc5-5368-4d50-81e3-3435cd7e7e10}</UniqueIdentifier>
    </Filter>
    <Filter Include="Galaga\Observers">
      <UniqueIdentifier>{1b1fef9c-e8fd-4c6e-867b-b80940ffd00f}</UniqueIdentifier>
    </Filter>
    <Filter Include="Galaga\Scenes">
      <UniqueIdentifier>{bc617fe9-3899-46d3-8974-9879f490a0b2}</UniqueIdentifier>
    </Filter>
    <Filter Include="Galaga\FSMStates">
      <UniqueIdentifier>{4407f83b-e91e-43b6-8ae0-2927442ba52a}</UniqueIdentifier>
    </Filter>
    <Filter Include="Galaga\GameInstance">
      <UniqueIdentifier>{82caf558-72cf-4619-a573-47092e520de0}</UniqueIdentifier>
    </Filter>
  </ItemGroup>
</Project>