<?xml version="1.0" encoding="utf-8"?>
<Project ToolsVersion="4.0" xmlns="http://schemas.microsoft.com/developer/msbuild/2003">
  <ItemGroup>
    <Filter Include="Header Files">
      <UniqueIdentifier>{93995380-89BD-4b04-88EB-625FBE52EBFB}</UniqueIdentifier>
      <Extensions>h;hh;hpp;hxx;h++;hm;inl;inc;ipp;xsd</Extensions>
    </Filter>
    <Filter Include="Resource Files">
      <UniqueIdentifier>{67DA6AB6-F800-4c08-8B7A-83BB121AAD01}</UniqueIdentifier>
      <Extensions>rc;ico;cur;bmp;dlg;rc2;rct;bin;rgs;gif;jpg;jpeg;jpe;resx;tiff;tif;png;wav;mfcribbon-ms</Extensions>
    </Filter>
    <Filter Include="Galaga Files">
      <UniqueIdentifier>{a55045db-4ec5-40c1-8311-dacd95c0f498}</UniqueIdentifier>
    </Filter>
    <Filter Include="Galaga Files\Components">
      <UniqueIdentifier>{7340b984-4226-495d-a26b-e1cce7e8c34f}</UniqueIdentifier>
    </Filter>
    <Filter Include="Galaga Files\Observers">
      <UniqueIdentifier>{8af8c7df-e5de-449e-9b8d-e84a3ccd8adb}</UniqueIdentifier>
    </Filter>
    <Filter Include="Galaga Files\Commands">
      <UniqueIdentifier>{d9cc9074-01f4-4777-a989-07753d00d650}</UniqueIdentifier>
    </Filter>
  </ItemGroup>
  <ItemGroup>
    <ClCompile Include="Components\FpsComponent.cpp" />
    <ClCompile Include="Components\HealthComponent.cpp" />
    <ClCompile Include="Components\ImageComponent.cpp" />
    <ClCompile Include="Observers\Observers.cpp" />
    <ClCompile Include="Components\RotatingComponent.cpp" />
    <ClCompile Include="Components\ScoreComponent.cpp" />
    <ClCompile Include="Components\TextComponent.cpp" />
    <ClCompile Include="Main.cpp" />
  </ItemGroup>
  <ItemGroup>
    <ClInclude Include="Commands\Commands.h">
      <Filter>Header Files</Filter>
    </ClInclude>
    <ClInclude Include="Components\FpsComponent.h">
      <Filter>Header Files</Filter>
    </ClInclude>
    <ClInclude Include="Components\HealthComponent.h">
      <Filter>Header Files</Filter>
    </ClInclude>
    <ClInclude Include="Components\ImageComponent.h">
      <Filter>Header Files</Filter>
    </ClInclude>
    <ClInclude Include="Observers\Observers.h">
      <Filter>Header Files</Filter>
    </ClInclude>
    <ClInclude Include="Components\RotatingComponent.h">
      <Filter>Header Files</Filter>
    </ClInclude>
    <ClInclude Include="Components\ScoreComponent.h">
      <Filter>Header Files</Filter>
    </ClInclude>
    <ClInclude Include="Components\TextComponent.h">
      <Filter>Header Files</Filter>
    </ClInclude>
  </ItemGroup>
</Project>