<?xml version="1.0" encoding="utf-8"?>
<Project ToolsVersion="4.0" xmlns="http://schemas.microsoft.com/developer/msbuild/2003">
  <ItemGroup>
    <Filter Include="Resource Files">
      <UniqueIdentifier>{67DA6AB6-F800-4c08-8B7A-83BB121AAD01}</UniqueIdentifier>
      <Extensions>rc;ico;cur;bmp;dlg;rc2;rct;bin;rgs;gif;jpg;jpeg;jpe;resx;tiff;tif;png;wav;mfcribbon-ms</Extensions>
    </Filter>
    <Filter Include="ArcaneEngine Files">
      <UniqueIdentifier>{278d05d1-e7f5-4577-9a5c-24447c2b8fc5}</UniqueIdentifier>
    </Filter>
    <Filter Include="ArcaneEngine Files\Components">
      <UniqueIdentifier>{6799632e-18bd-4988-99ff-596906a84db7}</UniqueIdentifier>
    </Filter>
    <Filter Include="ArcaneEngine Files\Components\DerivedComponents">
      <UniqueIdentifier>{9f2683af-97da-4044-a8b9-bec3a9738044}</UniqueIdentifier>
    </Filter>
    <Filter Include="ArcaneEngine Files\Singletons">
      <UniqueIdentifier>{49d5b0e1-0f4f-45d8-8c1e-84b054547b71}</UniqueIdentifier>
    </Filter>
    <Filter Include="ArcaneEngine Files\Singletons\DerivedSingletons">
      <UniqueIdentifier>{6fdf4334-4221-4797-aebb-d4262b0aa78f}</UniqueIdentifier>
    </Filter>
    <Filter Include="Framework Files">
      <UniqueIdentifier>{06a66bb5-9906-477b-848a-0706e190068b}</UniqueIdentifier>
    </Filter>
    <Filter Include="imgui">
      <UniqueIdentifier>{9bc5f53c-8e9d-4d8f-a720-3cb4798ffc5f}</UniqueIdentifier>
    </Filter>
  </ItemGroup>
  <ItemGroup>
    <ClInclude Include="Font.h">
      <Filter>Framework Files</Filter>
    </ClInclude>
    <ClInclude Include="GameObject.h">
      <Filter>Framework Files</Filter>
    </ClInclude>
    <ClInclude Include="Scene.h">
      <Filter>Framework Files</Filter>
    </ClInclude>
    <ClInclude Include="Texture2D.h">
      <Filter>Framework Files</Filter>
    </ClInclude>
    <ClInclude Include="Transform.h">
      <Filter>Framework Files</Filter>
    </ClInclude>
    <ClInclude Include="ArcaneEngine.h">
      <Filter>ArcaneEngine Files</Filter>
    </ClInclude>
    <ClInclude Include="BaseComponent.h">
      <Filter>ArcaneEngine Files\Components</Filter>
    </ClInclude>
    <ClInclude Include="FpsComponent.h">
      <Filter>ArcaneEngine Files\Components\DerivedComponents</Filter>
    </ClInclude>
    <ClInclude Include="ImageComponent.h">
      <Filter>ArcaneEngine Files\Components\DerivedComponents</Filter>
    </ClInclude>
    <ClInclude Include="TextComponent.h">
      <Filter>ArcaneEngine Files\Components\DerivedComponents</Filter>
    </ClInclude>
    <ClInclude Include="Singleton.h">
      <Filter>ArcaneEngine Files\Singletons</Filter>
    </ClInclude>
    <ClInclude Include="SceneManager.h">
      <Filter>ArcaneEngine Files\Singletons\DerivedSingletons</Filter>
    </ClInclude>
    <ClInclude Include="ResourceManager.h">
      <Filter>ArcaneEngine Files\Singletons\DerivedSingletons</Filter>
    </ClInclude>
    <ClInclude Include="InputManager.h">
      <Filter>ArcaneEngine Files\Singletons\DerivedSingletons</Filter>
    </ClInclude>
    <ClInclude Include="Time.h">
      <Filter>ArcaneEngine Files\Singletons\DerivedSingletons</Filter>
    </ClInclude>
    <ClInclude Include="RotatingComponent.h">
      <Filter>ArcaneEngine Files\Components\DerivedComponents</Filter>
    </ClInclude>
    <ClInclude Include="..\3rdParty\imgui-1.90.4\imconfig.h">
      <Filter>imgui</Filter>
    </ClInclude>
    <ClInclude Include="..\3rdParty\imgui-1.90.4\imgui.h">
      <Filter>imgui</Filter>
    </ClInclude>
    <ClInclude Include="..\3rdParty\imgui-1.90.4\imgui_internal.h">
      <Filter>imgui</Filter>
    </ClInclude>
    <ClInclude Include="..\3rdParty\imgui-1.90.4\imstb_rectpack.h">
      <Filter>imgui</Filter>
    </ClInclude>
    <ClInclude Include="..\3rdParty\imgui-1.90.4\imstb_textedit.h">
      <Filter>imgui</Filter>
    </ClInclude>
    <ClInclude Include="..\3rdParty\imgui-1.90.4\imstb_truetype.h">
      <Filter>imgui</Filter>
    </ClInclude>
    <ClInclude Include="..\3rdParty\imgui-1.90.4\backends\imgui_impl_opengl3.h">
      <Filter>imgui</Filter>
    </ClInclude>
    <ClInclude Include="..\3rdParty\imgui-1.90.4\backends\imgui_impl_sdl2.h">
      <Filter>imgui</Filter>
    </ClInclude>
    <ClInclude Include="Renderer.h">
      <Filter>ArcaneEngine Files\Singletons\DerivedSingletons</Filter>
    </ClInclude>
    <ClInclude Include="DearImGui.h">
      <Filter>ArcaneEngine Files</Filter>
    </ClInclude>
  </ItemGroup>
  <ItemGroup>
    <ClCompile Include="Font.cpp">
      <Filter>Framework Files</Filter>
    </ClCompile>
    <ClCompile Include="GameObject.cpp">
      <Filter>Framework Files</Filter>
    </ClCompile>
    <ClCompile Include="Scene.cpp">
      <Filter>Framework Files</Filter>
    </ClCompile>
    <ClCompile Include="Texture2D.cpp">
      <Filter>Framework Files</Filter>
    </ClCompile>
    <ClCompile Include="Transform.cpp">
      <Filter>Framework Files</Filter>
    </ClCompile>
    <ClCompile Include="ArcaneEngine.cpp">
      <Filter>ArcaneEngine Files</Filter>
    </ClCompile>
    <ClCompile Include="Main.cpp">
      <Filter>Framework Files</Filter>
    </ClCompile>
    <ClCompile Include="BaseComponent.cpp">
      <Filter>ArcaneEngine Files\Components</Filter>
    </ClCompile>
    <ClCompile Include="FpsComponent.cpp">
      <Filter>ArcaneEngine Files\Components\DerivedComponents</Filter>
    </ClCompile>
    <ClCompile Include="ImageComponent.cpp">
      <Filter>ArcaneEngine Files\Components\DerivedComponents</Filter>
    </ClCompile>
    <ClCompile Include="TextComponent.cpp">
      <Filter>ArcaneEngine Files\Components\DerivedComponents</Filter>
    </ClCompile>
    <ClCompile Include="SceneManager.cpp">
      <Filter>ArcaneEngine Files\Singletons\DerivedSingletons</Filter>
    </ClCompile>
    <ClCompile Include="ResourceManager.cpp">
      <Filter>ArcaneEngine Files\Singletons\DerivedSingletons</Filter>
    </ClCompile>
    <ClCompile Include="InputManager.cpp">
      <Filter>ArcaneEngine Files\Singletons\DerivedSingletons</Filter>
    </ClCompile>
    <ClCompile Include="Time.cpp">
      <Filter>ArcaneEngine Files\Singletons\DerivedSingletons</Filter>
    </ClCompile>
    <ClCompile Include="RotatingComponent.cpp">
      <Filter>ArcaneEngine Files\Components\DerivedComponents</Filter>
    </ClCompile>
    <ClCompile Include="..\3rdParty\imgui-1.90.4\imgui.cpp">
      <Filter>imgui</Filter>
    </ClCompile>
    <ClCompile Include="..\3rdParty\imgui-1.90.4\imgui_demo.cpp">
      <Filter>imgui</Filter>
    </ClCompile>
    <ClCompile Include="..\3rdParty\imgui-1.90.4\imgui_draw.cpp">
      <Filter>imgui</Filter>
    </ClCompile>
    <ClCompile Include="..\3rdParty\imgui-1.90.4\imgui_tables.cpp">
      <Filter>imgui</Filter>
    </ClCompile>
    <ClCompile Include="..\3rdParty\imgui-1.90.4\imgui_widgets.cpp">
      <Filter>imgui</Filter>
    </ClCompile>
    <ClCompile Include="..\3rdParty\imgui-1.90.4\backends\imgui_impl_opengl3.cpp">
      <Filter>imgui</Filter>
    </ClCompile>
    <ClCompile Include="..\3rdParty\imgui-1.90.4\backends\imgui_impl_sdl2.cpp">
      <Filter>imgui</Filter>
    </ClCompile>
    <ClCompile Include="Renderer.cpp">
      <Filter>ArcaneEngine Files\Singletons\DerivedSingletons</Filter>
    </ClCompile>
    <ClCompile Include="DearImGui.cpp">
      <Filter>ArcaneEngine Files</Filter>
    </ClCompile>
  </ItemGroup>
</Project>