<?xml version="1.0" encoding="utf-8"?>
<Project ToolsVersion="4.0" xmlns="http://schemas.microsoft.com/developer/msbuild/2003">
  <ItemGroup>
    <Filter Include="Resource Files">
      <UniqueIdentifier>{67DA6AB6-F800-4c08-8B7A-83BB121AAD01}</UniqueIdentifier>
      <Extensions>rc;ico;cur;bmp;dlg;rc2;rct;bin;rgs;gif;jpg;jpeg;jpe;resx;tiff;tif;png;wav;mfcribbon-ms</Extensions>
    </Filter>
    <Filter Include="MiniGin Files">
      <UniqueIdentifier>{06a66bb5-9906-477b-848a-0706e190068b}</UniqueIdentifier>
    </Filter>
    <Filter Include="ArcaneEngine Files">
      <UniqueIdentifier>{278d05d1-e7f5-4577-9a5c-24447c2b8fc5}</UniqueIdentifier>
    </Filter>
    <Filter Include="ArcaneEngine Files\Components">
      <UniqueIdentifier>{6799632e-18bd-4988-99ff-596906a84db7}</UniqueIdentifier>
    </Filter>
  </ItemGroup>
  <ItemGroup>
    <ClInclude Include="Font.h">
      <Filter>MiniGin Files</Filter>
    </ClInclude>
    <ClInclude Include="GameObject.h">
      <Filter>MiniGin Files</Filter>
    </ClInclude>
    <ClInclude Include="InputManager.h">
      <Filter>MiniGin Files</Filter>
    </ClInclude>
    <ClInclude Include="Renderer.h">
      <Filter>MiniGin Files</Filter>
    </ClInclude>
    <ClInclude Include="ResourceManager.h">
      <Filter>MiniGin Files</Filter>
    </ClInclude>
    <ClInclude Include="Scene.h">
      <Filter>MiniGin Files</Filter>
    </ClInclude>
    <ClInclude Include="SceneManager.h">
      <Filter>MiniGin Files</Filter>
    </ClInclude>
    <ClInclude Include="Singleton.h">
      <Filter>MiniGin Files</Filter>
    </ClInclude>
    <ClInclude Include="Texture2D.h">
      <Filter>MiniGin Files</Filter>
    </ClInclude>
    <ClInclude Include="Transform.h">
      <Filter>MiniGin Files</Filter>
    </ClInclude>
    <ClInclude Include="ArcaneEngine.h">
      <Filter>ArcaneEngine Files</Filter>
    </ClInclude>
    <ClInclude Include="Time.h">
      <Filter>ArcaneEngine Files</Filter>
    </ClInclude>
    <ClInclude Include="BaseComponent.h">
      <Filter>ArcaneEngine Files\Components</Filter>
    </ClInclude>
    <ClInclude Include="TextComponent.h">
      <Filter>ArcaneEngine Files\Components</Filter>
    </ClInclude>
    <ClInclude Include="FpsComponent.h">
      <Filter>ArcaneEngine Files\Components</Filter>
    </ClInclude>
    <ClInclude Include="ImageComponent.h">
      <Filter>ArcaneEngine Files\Components</Filter>
    </ClInclude>
  </ItemGroup>
  <ItemGroup>
    <ClCompile Include="Font.cpp">
      <Filter>MiniGin Files</Filter>
    </ClCompile>
    <ClCompile Include="GameObject.cpp">
      <Filter>MiniGin Files</Filter>
    </ClCompile>
    <ClCompile Include="InputManager.cpp">
      <Filter>MiniGin Files</Filter>
    </ClCompile>
    <ClCompile Include="Renderer.cpp">
      <Filter>MiniGin Files</Filter>
    </ClCompile>
    <ClCompile Include="ResourceManager.cpp">
      <Filter>MiniGin Files</Filter>
    </ClCompile>
    <ClCompile Include="Scene.cpp">
      <Filter>MiniGin Files</Filter>
    </ClCompile>
    <ClCompile Include="SceneManager.cpp">
      <Filter>MiniGin Files</Filter>
    </ClCompile>
    <ClCompile Include="Texture2D.cpp">
      <Filter>MiniGin Files</Filter>
    </ClCompile>
    <ClCompile Include="Transform.cpp">
      <Filter>MiniGin Files</Filter>
    </ClCompile>
    <ClCompile Include="ArcaneEngine.cpp">
      <Filter>ArcaneEngine Files</Filter>
    </ClCompile>
    <ClCompile Include="Main.cpp">
      <Filter>MiniGin Files</Filter>
    </ClCompile>
    <ClCompile Include="Time.cpp">
      <Filter>ArcaneEngine Files</Filter>
    </ClCompile>
    <ClCompile Include="BaseComponent.cpp">
      <Filter>ArcaneEngine Files\Components</Filter>
    </ClCompile>
    <ClCompile Include="TextComponent.cpp">
      <Filter>ArcaneEngine Files\Components</Filter>
    </ClCompile>
    <ClCompile Include="FpsComponent.cpp">
      <Filter>ArcaneEngine Files\Components</Filter>
    </ClCompile>
    <ClCompile Include="ImageComponent.cpp">
      <Filter>ArcaneEngine Files\Components</Filter>
    </ClCompile>
  </ItemGroup>
</Project>